
Microsoft Visual Studio Solution File, Format Version 12.00
# Visual Studio Version 17
VisualStudioVersion = 17.5.33530.505
MinimumVisualStudioVersion = 10.0.40219.1
Project("{FAE04EC0-301F-11D3-BF4B-00C04F79EFBC}") = "CSPOSSQLServerEFCore", "CSPOSSQLServerEFCore\CSPOSSQLServerEFCore.csproj", "{2E71B6F7-465F-4E10-BD7C-166C9D0DB348}"
EndProject
Global
	GlobalSection(SolutionConfigurationPlatforms) = preSolution
		Debug|Any CPU = Debug|Any CPU
		Release|Any CPU = Release|Any CPU
	EndGlobalSection
	GlobalSection(ProjectConfigurationPlatforms) = postSolution
		{2E71B6F7-465F-4E10-BD7C-166C9D0DB348}.Debug|Any CPU.ActiveCfg = Debug|Any CPU
		{2E71B6F7-465F-4E10-BD7C-166C9D0DB348}.Debug|Any CPU.Build.0 = Debug|Any CPU
		{2E71B6F7-465F-4E10-BD7C-166C9D0DB348}.Release|Any CPU.ActiveCfg = Release|Any CPU
		{2E71B6F7-465F-4E10-BD7C-166C9D0DB348}.Release|Any CPU.Build.0 = Release|Any CPU
	EndGlobalSection
	GlobalSection(SolutionProperties) = preSolution
		HideSolutionNode = FALSE
	EndGlobalSection
	GlobalSection(ExtensibilityGlobals) = postSolution
		SolutionGuid = {922ED6F9-E934-4D9B-88F8-347A8E5ECE59}
	EndGlobalSection
EndGlobal
